
Microsoft Visual Studio Solution File, Format Version 12.00
# Visual Studio Version 17
VisualStudioVersion = 17.7.34202.233
MinimumVisualStudioVersion = 10.0.40219.1
Project("{9A19103F-16F7-4668-BE54-9A1E7A4F7556}") = "lesson_8", "lesson_8\lesson_8.csproj", "{F7F58415-0E77-4385-849A-001A7B27D96C}"
EndProject
Project("{FAE04EC0-301F-11D3-BF4B-00C04F79EFBC}") = "task2", "task2\task2.csproj", "{7F34498D-53FD-4C4D-A4CC-AF943274EDA2}"
EndProject
Global
	GlobalSection(SolutionConfigurationPlatforms) = preSolution
		Debug|Any CPU = Debug|Any CPU
		Release|Any CPU = Release|Any CPU
	EndGlobalSection
	GlobalSection(ProjectConfigurationPlatforms) = postSolution
		{F7F58415-0E77-4385-849A-001A7B27D96C}.Debug|Any CPU.ActiveCfg = Debug|Any CPU
		{F7F58415-0E77-4385-849A-001A7B27D96C}.Debug|Any CPU.Build.0 = Debug|Any CPU
		{F7F58415-0E77-4385-849A-001A7B27D96C}.Release|Any CPU.ActiveCfg = Release|Any CPU
		{F7F58415-0E77-4385-849A-001A7B27D96C}.Release|Any CPU.Build.0 = Release|Any CPU
		{7F34498D-53FD-4C4D-A4CC-AF943274EDA2}.Debug|Any CPU.ActiveCfg = Debug|Any CPU
		{7F34498D-53FD-4C4D-A4CC-AF943274EDA2}.Debug|Any CPU.Build.0 = Debug|Any CPU
		{7F34498D-53FD-4C4D-A4CC-AF943274EDA2}.Release|Any CPU.ActiveCfg = Release|Any CPU
		{7F34498D-53FD-4C4D-A4CC-AF943274EDA2}.Release|Any CPU.Build.0 = Release|Any CPU
	EndGlobalSection
	GlobalSection(SolutionProperties) = preSolution
		HideSolutionNode = FALSE
	EndGlobalSection
	GlobalSection(ExtensibilityGlobals) = postSolution
		SolutionGuid = {03275533-970A-4250-A31C-E768C0AC8CBD}
	EndGlobalSection
EndGlobal
