
Microsoft Visual Studio Solution File, Format Version 12.00
# Visual Studio Version 17
VisualStudioVersion = 17.7.34031.279
MinimumVisualStudioVersion = 10.0.40219.1
Project("{9A19103F-16F7-4668-BE54-9A1E7A4F7556}") = "lesson_2", "lesson_2\lesson_2.csproj", "{885A9F22-19AD-4942-BFB5-A17CCBE14283}"
EndProject
Project("{FAE04EC0-301F-11D3-BF4B-00C04F79EFBC}") = "task_2", "task_2\task_2.csproj", "{09A80B88-500D-4D39-935E-3013CB06A211}"
EndProject
Global
	GlobalSection(SolutionConfigurationPlatforms) = preSolution
		Debug|Any CPU = Debug|Any CPU
		Release|Any CPU = Release|Any CPU
	EndGlobalSection
	GlobalSection(ProjectConfigurationPlatforms) = postSolution
		{885A9F22-19AD-4942-BFB5-A17CCBE14283}.Debug|Any CPU.ActiveCfg = Debug|Any CPU
		{885A9F22-19AD-4942-BFB5-A17CCBE14283}.Debug|Any CPU.Build.0 = Debug|Any CPU
		{885A9F22-19AD-4942-BFB5-A17CCBE14283}.Release|Any CPU.ActiveCfg = Release|Any CPU
		{885A9F22-19AD-4942-BFB5-A17CCBE14283}.Release|Any CPU.Build.0 = Release|Any CPU
		{09A80B88-500D-4D39-935E-3013CB06A211}.Debug|Any CPU.ActiveCfg = Debug|Any CPU
		{09A80B88-500D-4D39-935E-3013CB06A211}.Debug|Any CPU.Build.0 = Debug|Any CPU
		{09A80B88-500D-4D39-935E-3013CB06A211}.Release|Any CPU.ActiveCfg = Release|Any CPU
		{09A80B88-500D-4D39-935E-3013CB06A211}.Release|Any CPU.Build.0 = Release|Any CPU
	EndGlobalSection
	GlobalSection(SolutionProperties) = preSolution
		HideSolutionNode = FALSE
	EndGlobalSection
	GlobalSection(ExtensibilityGlobals) = postSolution
		SolutionGuid = {CB90A839-1561-409F-84CB-796BA736A105}
	EndGlobalSection
EndGlobal
