
Microsoft Visual Studio Solution File, Format Version 12.00
# Visual Studio Version 17
VisualStudioVersion = 17.7.34202.233
MinimumVisualStudioVersion = 10.0.40219.1
Project("{FAE04EC0-301F-11D3-BF4B-00C04F79EFBC}") = "lesson_5", "lesson_5\lesson_5.csproj", "{78913B3E-39A1-4E13-9DEA-D3447872E0FE}"
EndProject
Global
	GlobalSection(SolutionConfigurationPlatforms) = preSolution
		Debug|Any CPU = Debug|Any CPU
		Release|Any CPU = Release|Any CPU
	EndGlobalSection
	GlobalSection(ProjectConfigurationPlatforms) = postSolution
		{78913B3E-39A1-4E13-9DEA-D3447872E0FE}.Debug|Any CPU.ActiveCfg = Debug|Any CPU
		{78913B3E-39A1-4E13-9DEA-D3447872E0FE}.Debug|Any CPU.Build.0 = Debug|Any CPU
		{78913B3E-39A1-4E13-9DEA-D3447872E0FE}.Release|Any CPU.ActiveCfg = Release|Any CPU
		{78913B3E-39A1-4E13-9DEA-D3447872E0FE}.Release|Any CPU.Build.0 = Release|Any CPU
	EndGlobalSection
	GlobalSection(SolutionProperties) = preSolution
		HideSolutionNode = FALSE
	EndGlobalSection
	GlobalSection(ExtensibilityGlobals) = postSolution
		SolutionGuid = {3DDA1700-5DC3-44A5-AEC9-2C34DA762671}
	EndGlobalSection
EndGlobal
