
Microsoft Visual Studio Solution File, Format Version 12.00
# Visual Studio Version 17
VisualStudioVersion = 17.7.34031.279
MinimumVisualStudioVersion = 10.0.40219.1
Project("{FAE04EC0-301F-11D3-BF4B-00C04F79EFBC}") = "task_3", "task_3\task_3.csproj", "{09B35CE6-0CA8-45F8-9B62-F2873AC92144}"
EndProject
Global
	GlobalSection(SolutionConfigurationPlatforms) = preSolution
		Debug|Any CPU = Debug|Any CPU
		Release|Any CPU = Release|Any CPU
	EndGlobalSection
	GlobalSection(ProjectConfigurationPlatforms) = postSolution
		{09B35CE6-0CA8-45F8-9B62-F2873AC92144}.Debug|Any CPU.ActiveCfg = Debug|Any CPU
		{09B35CE6-0CA8-45F8-9B62-F2873AC92144}.Debug|Any CPU.Build.0 = Debug|Any CPU
		{09B35CE6-0CA8-45F8-9B62-F2873AC92144}.Release|Any CPU.ActiveCfg = Release|Any CPU
		{09B35CE6-0CA8-45F8-9B62-F2873AC92144}.Release|Any CPU.Build.0 = Release|Any CPU
	EndGlobalSection
	GlobalSection(SolutionProperties) = preSolution
		HideSolutionNode = FALSE
	EndGlobalSection
	GlobalSection(ExtensibilityGlobals) = postSolution
		SolutionGuid = {263087BE-47BC-49A2-A9A1-2D231A5B7209}
	EndGlobalSection
EndGlobal
